
Microsoft Visual Studio Solution File, Format Version 12.00
# Visual Studio 15
VisualStudioVersion = 15.0.28307.1062
MinimumVisualStudioVersion = 10.0.40219.1
Project("{FAE04EC0-301F-11D3-BF4B-00C04F79EFBC}") = "ConsoleApp4", "ConsoleApp4\ConsoleApp4.csproj", "{FE00B401-FB8E-4610-95BB-E431773E3BE3}"
EndProject
Global
	GlobalSection(SolutionConfigurationPlatforms) = preSolution
		Debug|Any CPU = Debug|Any CPU
		Release|Any CPU = Release|Any CPU
	EndGlobalSection
	GlobalSection(ProjectConfigurationPlatforms) = postSolution
		{FE00B401-FB8E-4610-95BB-E431773E3BE3}.Debug|Any CPU.ActiveCfg = Debug|Any CPU
		{FE00B401-FB8E-4610-95BB-E431773E3BE3}.Debug|Any CPU.Build.0 = Debug|Any CPU
		{FE00B401-FB8E-4610-95BB-E431773E3BE3}.Release|Any CPU.ActiveCfg = Release|Any CPU
		{FE00B401-FB8E-4610-95BB-E431773E3BE3}.Release|Any CPU.Build.0 = Release|Any CPU
	EndGlobalSection
	GlobalSection(SolutionProperties) = preSolution
		HideSolutionNode = FALSE
	EndGlobalSection
	GlobalSection(ExtensibilityGlobals) = postSolution
		SolutionGuid = {26FFAC41-1C05-40F5-98A1-03B8333CACF0}
	EndGlobalSection
EndGlobal
